// !$*UTF8*$!
{
	archiveVersion = 1;
	classes = {
	};
	objectVersion = 48;
	objects = {

/* Begin PBXBuildFile section */
		3946B1683D6177E79AF6515C /* Pods_IconSplash.framework in Frameworks */ = {isa = PBXBuildFile; fileRef = 910DF7F10C756D0A8E02F4E8 /* Pods_IconSplash.framework */; };
		BA5A8CE6203E481400A00446 /* AppDelegate.swift in Sources */ = {isa = PBXBuildFile; fileRef = BA5A8CE5203E481400A00446 /* AppDelegate.swift */; };
		BA5A8CE8203E481400A00446 /* ViewController.swift in Sources */ = {isa = PBXBuildFile; fileRef = BA5A8CE7203E481400A00446 /* ViewController.swift */; };
		BA5A8CEB203E481400A00446 /* Main.storyboard in Resources */ = {isa = PBXBuildFile; fileRef = BA5A8CE9203E481400A00446 /* Main.storyboard */; };
		BA5A8CED203E481400A00446 /* Assets.xcassets in Resources */ = {isa = PBXBuildFile; fileRef = BA5A8CEC203E481400A00446 /* Assets.xcassets */; };
		BA5A8CF0203E481400A00446 /* LaunchScreen.storyboard in Resources */ = {isa = PBXBuildFile; fileRef = BA5A8CEE203E481400A00446 /* LaunchScreen.storyboard */; };
		BA5A8CF8203E4CA600A00446 /* Loading.png in Resources */ = {isa = PBXBuildFile; fileRef = BA5A8CF7203E4CA600A00446 /* Loading.png */; };
/* End PBXBuildFile section */

/* Begin PBXFileReference section */
		1CFEBF6D206EA47E9C688D43 /* Pods-IconSplash.debug.xcconfig */ = {isa = PBXFileReference; includeInIndex = 1; lastKnownFileType = text.xcconfig; name = "Pods-IconSplash.debug.xcconfig"; path = "Pods/Target Support Files/Pods-IconSplash/Pods-IconSplash.debug.xcconfig"; sourceTree = "<group>"; };
		910DF7F10C756D0A8E02F4E8 /* Pods_IconSplash.framework */ = {isa = PBXFileReference; explicitFileType = wrapper.framework; includeInIndex = 0; path = Pods_IconSplash.framework; sourceTree = BUILT_PRODUCTS_DIR; };
		BA5A8CE2203E481400A00446 /* IconSplash.app */ = {isa = PBXFileReference; explicitFileType = wrapper.application; includeInIndex = 0; path = IconSplash.app; sourceTree = BUILT_PRODUCTS_DIR; };
		BA5A8CE5203E481400A00446 /* AppDelegate.swift */ = {isa = PBXFileReference; lastKnownFileType = sourcecode.swift; path = AppDelegate.swift; sourceTree = "<group>"; };
		BA5A8CE7203E481400A00446 /* ViewController.swift */ = {isa = PBXFileReference; lastKnownFileType = sourcecode.swift; path = ViewController.swift; sourceTree = "<group>"; };
		BA5A8CEA203E481400A00446 /* Base */ = {isa = PBXFileReference; lastKnownFileType = file.storyboard; name = Base; path = Base.lproj/Main.storyboard; sourceTree = "<group>"; };
		BA5A8CEC203E481400A00446 /* Assets.xcassets */ = {isa = PBXFileReference; lastKnownFileType = folder.assetcatalog; path = Assets.xcassets; sourceTree = "<group>"; };
		BA5A8CEF203E481400A00446 /* Base */ = {isa = PBXFileReference; lastKnownFileType = file.storyboard; name = Base; path = Base.lproj/LaunchScreen.storyboard; sourceTree = "<group>"; };
		BA5A8CF1203E481400A00446 /* Info.plist */ = {isa = PBXFileReference; lastKnownFileType = text.plist.xml; path = Info.plist; sourceTree = "<group>"; };
		BA5A8CF7203E4CA600A00446 /* Loading.png */ = {isa = PBXFileReference; lastKnownFileType = image.png; path = Loading.png; sourceTree = "<group>"; };
		D11269EC50B18FF97CBE1976 /* Pods-IconSplash.release.xcconfig */ = {isa = PBXFileReference; includeInIndex = 1; lastKnownFileType = text.xcconfig; name = "Pods-IconSplash.release.xcconfig"; path = "Pods/Target Support Files/Pods-IconSplash/Pods-IconSplash.release.xcconfig"; sourceTree = "<group>"; };
/* End PBXFileReference section */

/* Begin PBXFrameworksBuildPhase section */
		BA5A8CDF203E481400A00446 /* Frameworks */ = {
			isa = PBXFrameworksBuildPhase;
			buildActionMask = 2147483647;
			files = (
				3946B1683D6177E79AF6515C /* Pods_IconSplash.framework in Frameworks */,
			);
			runOnlyForDeploymentPostprocessing = 0;
		};
/* End PBXFrameworksBuildPhase section */

/* Begin PBXGroup section */
		AC2E7565F6F83FBA73782AA9 /* Pods */ = {
			isa = PBXGroup;
			children = (
				1CFEBF6D206EA47E9C688D43 /* Pods-IconSplash.debug.xcconfig */,
				D11269EC50B18FF97CBE1976 /* Pods-IconSplash.release.xcconfig */,
			);
			name = Pods;
			sourceTree = "<group>";
		};
		BA5A8CD9203E481400A00446 = {
			isa = PBXGroup;
			children = (
				BA5A8CE4203E481400A00446 /* IconSplash */,
				BA5A8CE3203E481400A00446 /* Products */,
				AC2E7565F6F83FBA73782AA9 /* Pods */,
				C514087B61814AC4739829E9 /* Frameworks */,
			);
			sourceTree = "<group>";
		};
		BA5A8CE3203E481400A00446 /* Products */ = {
			isa = PBXGroup;
			children = (
				BA5A8CE2203E481400A00446 /* IconSplash.app */,
			);
			name = Products;
			sourceTree = "<group>";
		};
		BA5A8CE4203E481400A00446 /* IconSplash */ = {
			isa = PBXGroup;
			children = (
				BA5A8CE5203E481400A00446 /* AppDelegate.swift */,
				BA5A8CE7203E481400A00446 /* ViewController.swift */,
				BA5A8CE9203E481400A00446 /* Main.storyboard */,
				BA5A8CEC203E481400A00446 /* Assets.xcassets */,
				BA5A8CEE203E481400A00446 /* LaunchScreen.storyboard */,
				BA5A8CF1203E481400A00446 /* Info.plist */,
				BA5A8CF9203E4D5E00A00446 /* Images */,
			);
			path = IconSplash;
			sourceTree = "<group>";
		};
		BA5A8CF9203E4D5E00A00446 /* Images */ = {
			isa = PBXGroup;
			children = (
				BA5A8CF7203E4CA600A00446 /* Loading.png */,
			);
			path = Images;
			sourceTree = "<group>";
		};
		C514087B61814AC4739829E9 /* Frameworks */ = {
			isa = PBXGroup;
			children = (
				910DF7F10C756D0A8E02F4E8 /* Pods_IconSplash.framework */,
			);
			name = Frameworks;
			sourceTree = "<group>";
		};
/* End PBXGroup section */

/* Begin PBXNativeTarget section */
		BA5A8CE1203E481400A00446 /* IconSplash */ = {
			isa = PBXNativeTarget;
			buildConfigurationList = BA5A8CF4203E481400A00446 /* Build configuration list for PBXNativeTarget "IconSplash" */;
			buildPhases = (
				513A67EDC829933EE27687C4 /* [CP] Check Pods Manifest.lock */,
				BA5A8CDE203E481400A00446 /* Sources */,
				BA5A8CDF203E481400A00446 /* Frameworks */,
				BA5A8CE0203E481400A00446 /* Resources */,
				569714A5104A682D00620484 /* [CP] Embed Pods Frameworks */,
				BEF324F13265BBD71C6179DC /* [CP] Copy Pods Resources */,
			);
			buildRules = (
			);
			dependencies = (
			);
			name = IconSplash;
			productName = IconSplash;
			productReference = BA5A8CE2203E481400A00446 /* IconSplash.app */;
			productType = "com.apple.product-type.application";
		};
/* End PBXNativeTarget section */

/* Begin PBXProject section */
		BA5A8CDA203E481400A00446 /* Project object */ = {
			isa = PBXProject;
			attributes = {
				LastSwiftUpdateCheck = 0910;
				LastUpgradeCheck = 0910;
				ORGANIZATIONNAME = "Piyotr Kao";
				TargetAttributes = {
					BA5A8CE1203E481400A00446 = {
						CreatedOnToolsVersion = 9.1;
						ProvisioningStyle = Automatic;
					};
				};
			};
			buildConfigurationList = BA5A8CDD203E481400A00446 /* Build configuration list for PBXProject "IconSplash" */;
			compatibilityVersion = "Xcode 8.0";
			developmentRegion = en;
			hasScannedForEncodings = 0;
			knownRegions = (
				en,
				Base,
			);
			mainGroup = BA5A8CD9203E481400A00446;
			productRefGroup = BA5A8CE3203E481400A00446 /* Products */;
			projectDirPath = "";
			projectRoot = "";
			targets = (
				BA5A8CE1203E481400A00446 /* IconSplash */,
			);
		};
/* End PBXProject section */

/* Begin PBXResourcesBuildPhase section */
		BA5A8CE0203E481400A00446 /* Resources */ = {
			isa = PBXResourcesBuildPhase;
			buildActionMask = 2147483647;
			files = (
				BA5A8CF8203E4CA600A00446 /* Loading.png in Resources */,
				BA5A8CF0203E481400A00446 /* LaunchScreen.storyboard in Resources */,
				BA5A8CED203E481400A00446 /* Assets.xcassets in Resources */,
				BA5A8CEB203E481400A00446 /* Main.storyboard in Resources */,
			);
			runOnlyForDeploymentPostprocessing = 0;
		};
/* End PBXResourcesBuildPhase section */

/* Begin PBXShellScriptBuildPhase section */
		513A67EDC829933EE27687C4 /* [CP] Check Pods Manifest.lock */ = {
			isa = PBXShellScriptBuildPhase;
			buildActionMask = 2147483647;
			files = (
			);
			inputPaths = (
				"${PODS_PODFILE_DIR_PATH}/Podfile.lock",
				"${PODS_ROOT}/Manifest.lock",
			);
			name = "[CP] Check Pods Manifest.lock";
			outputPaths = (
				"$(DERIVED_FILE_DIR)/Pods-IconSplash-checkManifestLockResult.txt",
			);
			runOnlyForDeploymentPostprocessing = 0;
			shellPath = /bin/sh;
			shellScript = "diff \"${PODS_PODFILE_DIR_PATH}/Podfile.lock\" \"${PODS_ROOT}/Manifest.lock\" > /dev/null\nif [ $? != 0 ] ; then\n    # print error to STDERR\n    echo \"error: The sandbox is not in sync with the Podfile.lock. Run 'pod install' or update your CocoaPods installation.\" >&2\n    exit 1\nfi\n# This output is used by Xcode 'outputs' to avoid re-running this script phase.\necho \"SUCCESS\" > \"${SCRIPT_OUTPUT_FILE_0}\"\n";
			showEnvVarsInLog = 0;
		};
		569714A5104A682D00620484 /* [CP] Embed Pods Frameworks */ = {
			isa = PBXShellScriptBuildPhase;
			buildActionMask = 2147483647;
			files = (
			);
			inputPaths = (
				"${SRCROOT}/Pods/Target Support Files/Pods-IconSplash/Pods-IconSplash-frameworks.sh",
				"${BUILT_PRODUCTS_DIR}/TraceLog/TraceLog.framework",
			);
			name = "[CP] Embed Pods Frameworks";
			outputPaths = (
				"${TARGET_BUILD_DIR}/${FRAMEWORKS_FOLDER_PATH}/TraceLog.framework",
			);
			runOnlyForDeploymentPostprocessing = 0;
			shellPath = /bin/sh;
			shellScript = "\"${SRCROOT}/Pods/Target Support Files/Pods-IconSplash/Pods-IconSplash-frameworks.sh\"\n";
			showEnvVarsInLog = 0;
		};
		BEF324F13265BBD71C6179DC /* [CP] Copy Pods Resources */ = {
			isa = PBXShellScriptBuildPhase;
			buildActionMask = 2147483647;
			files = (
			);
			inputPaths = (
			);
			name = "[CP] Copy Pods Resources";
			outputPaths = (
			);
			runOnlyForDeploymentPostprocessing = 0;
			shellPath = /bin/sh;
			shellScript = "\"${SRCROOT}/Pods/Target Support Files/Pods-IconSplash/Pods-IconSplash-resources.sh\"\n";
			showEnvVarsInLog = 0;
		};
/* End PBXShellScriptBuildPhase section */

/* Begin PBXSourcesBuildPhase section */
		BA5A8CDE203E481400A00446 /* Sources */ = {
			isa = PBXSourcesBuildPhase;
			buildActionMask = 2147483647;
			files = (
				BA5A8CE8203E481400A00446 /* ViewController.swift in Sources */,
				BA5A8CE6203E481400A00446 /* AppDelegate.swift in Sources */,
			);
			runOnlyForDeploymentPostprocessing = 0;
		};
/* End PBXSourcesBuildPhase section */

/* Begin PBXVariantGroup section */
		BA5A8CE9203E481400A00446 /* Main.storyboard */ = {
			isa = PBXVariantGroup;
			children = (
				BA5A8CEA203E481400A00446 /* Base */,
			);
			name = Main.storyboard;
			sourceTree = "<group>";
		};
		BA5A8CEE203E481400A00446 /* LaunchScreen.storyboard */ = {
			isa = PBXVariantGroup;
			children = (
				BA5A8CEF203E481400A00446 /* Base */,
			);
			name = LaunchScreen.storyboard;
			sourceTree = "<group>";
		};
/* End PBXVariantGroup section */

/* Begin XCBuildConfiguration section */
		BA5A8CF2203E481400A00446 /* Debug */ = {
			isa = XCBuildConfiguration;
			buildSettings = {
				ALWAYS_SEARCH_USER_PATHS = NO;
				CLANG_ANALYZER_NONNULL = YES;
				CLANG_ANALYZER_NUMBER_OBJECT_CONVERSION = YES_AGGRESSIVE;
				CLANG_CXX_LANGUAGE_STANDARD = "gnu++14";
				CLANG_CXX_LIBRARY = "libc++";
				CLANG_ENABLE_MODULES = YES;
				CLANG_ENABLE_OBJC_ARC = YES;
				CLANG_WARN_BLOCK_CAPTURE_AUTORELEASING = YES;
				CLANG_WARN_BOOL_CONVERSION = YES;
				CLANG_WARN_COMMA = YES;
				CLANG_WARN_CONSTANT_CONVERSION = YES;
				CLANG_WARN_DIRECT_OBJC_ISA_USAGE = YES_ERROR;
				CLANG_WARN_DOCUMENTATION_COMMENTS = YES;
				CLANG_WARN_EMPTY_BODY = YES;
				CLANG_WARN_ENUM_CONVERSION = YES;
				CLANG_WARN_INFINITE_RECURSION = YES;
				CLANG_WARN_INT_CONVERSION = YES;
				CLANG_WARN_NON_LITERAL_NULL_CONVERSION = YES;
				CLANG_WARN_OBJC_LITERAL_CONVERSION = YES;
				CLANG_WARN_OBJC_ROOT_CLASS = YES_ERROR;
				CLANG_WARN_RANGE_LOOP_ANALYSIS = YES;
				CLANG_WARN_STRICT_PROTOTYPES = YES;
				CLANG_WARN_SUSPICIOUS_MOVE = YES;
				CLANG_WARN_UNGUARDED_AVAILABILITY = YES_AGGRESSIVE;
				CLANG_WARN_UNREACHABLE_CODE = YES;
				CLANG_WARN__DUPLICATE_METHOD_MATCH = YES;
				CODE_SIGN_IDENTITY = "iPhone Developer";
				COPY_PHASE_STRIP = NO;
				DEBUG_INFORMATION_FORMAT = dwarf;
				ENABLE_STRICT_OBJC_MSGSEND = YES;
				ENABLE_TESTABILITY = YES;
				GCC_C_LANGUAGE_STANDARD = gnu11;
				GCC_DYNAMIC_NO_PIC = NO;
				GCC_NO_COMMON_BLOCKS = YES;
				GCC_OPTIMIZATION_LEVEL = 0;
				GCC_PREPROCESSOR_DEFINITIONS = (
					"DEBUG=1",
					"$(inherited)",
				);
				GCC_WARN_64_TO_32_BIT_CONVERSION = YES;
				GCC_WARN_ABOUT_RETURN_TYPE = YES_ERROR;
				GCC_WARN_UNDECLARED_SELECTOR = YES;
				GCC_WARN_UNINITIALIZED_AUTOS = YES_AGGRESSIVE;
				GCC_WARN_UNUSED_FUNCTION = YES;
				GCC_WARN_UNUSED_VARIABLE = YES;
				IPHONEOS_DEPLOYMENT_TARGET = 11.1;
				MTL_ENABLE_DEBUG_INFO = YES;
				ONLY_ACTIVE_ARCH = YES;
				SDKROOT = iphoneos;
				SWIFT_ACTIVE_COMPILATION_CONDITIONS = DEBUG;
				SWIFT_OPTIMIZATION_LEVEL = "-Onone";
			};
			name = Debug;
		};
		BA5A8CF3203E481400A00446 /* Release */ = {
			isa = XCBuildConfiguration;
			buildSettings = {
				ALWAYS_SEARCH_USER_PATHS = NO;
				CLANG_ANALYZER_NONNULL = YES;
				CLANG_ANALYZER_NUMBER_OBJECT_CONVERSION = YES_AGGRESSIVE;
				CLANG_CXX_LANGUAGE_STANDARD = "gnu++14";
				CLANG_CXX_LIBRARY = "libc++";
				CLANG_ENABLE_MODULES = YES;
				CLANG_ENABLE_OBJC_ARC = YES;
				CLANG_WARN_BLOCK_CAPTURE_AUTORELEASING = YES;
				CLANG_WARN_BOOL_CONVERSION = YES;
				CLANG_WARN_COMMA = YES;
				CLANG_WARN_CONSTANT_CONVERSION = YES;
				CLANG_WARN_DIRECT_OBJC_ISA_USAGE = YES_ERROR;
				CLANG_WARN_DOCUMENTATION_COMMENTS = YES;
				CLANG_WARN_EMPTY_BODY = YES;
				CLANG_WARN_ENUM_CONVERSION = YES;
				CLANG_WARN_INFINITE_RECURSION = YES;
				CLANG_WARN_INT_CONVERSION = YES;
				CLANG_WARN_NON_LITERAL_NULL_CONVERSION = YES;
				CLANG_WARN_OBJC_LITERAL_CONVERSION = YES;
				CLANG_WARN_OBJC_ROOT_CLASS = YES_ERROR;
				CLANG_WARN_RANGE_LOOP_ANALYSIS = YES;
				CLANG_WARN_STRICT_PROTOTYPES = YES;
				CLANG_WARN_SUSPICIOUS_MOVE = YES;
				CLANG_WARN_UNGUARDED_AVAILABILITY = YES_AGGRESSIVE;
				CLANG_WARN_UNREACHABLE_CODE = YES;
				CLANG_WARN__DUPLICATE_METHOD_MATCH = YES;
				CODE_SIGN_IDENTITY = "iPhone Developer";
				COPY_PHASE_STRIP = NO;
				DEBUG_INFORMATION_FORMAT = "dwarf-with-dsym";
				ENABLE_NS_ASSERTIONS = NO;
				ENABLE_STRICT_OBJC_MSGSEND = YES;
				GCC_C_LANGUAGE_STANDARD = gnu11;
				GCC_NO_COMMON_BLOCKS = YES;
				GCC_WARN_64_TO_32_BIT_CONVERSION = YES;
				GCC_WARN_ABOUT_RETURN_TYPE = YES_ERROR;
				GCC_WARN_UNDECLARED_SELECTOR = YES;
				GCC_WARN_UNINITIALIZED_AUTOS = YES_AGGRESSIVE;
				GCC_WARN_UNUSED_FUNCTION = YES;
				GCC_WARN_UNUSED_VARIABLE = YES;
				IPHONEOS_DEPLOYMENT_TARGET = 11.1;
				MTL_ENABLE_DEBUG_INFO = NO;
				SDKROOT = iphoneos;
				SWIFT_OPTIMIZATION_LEVEL = "-Owholemodule";
				VALIDATE_PRODUCT = YES;
			};
			name = Release;
		};
		BA5A8CF5203E481400A00446 /* Debug */ = {
			isa = XCBuildConfiguration;
			baseConfigurationReference = 1CFEBF6D206EA47E9C688D43 /* Pods-IconSplash.debug.xcconfig */;
			buildSettings = {
				ASSETCATALOG_COMPILER_APPICON_NAME = AppIcon;
				CODE_SIGN_STYLE = Automatic;
				DEVELOPMENT_TEAM = KKTK8WHBM5;
				INFOPLIST_FILE = IconSplash/Info.plist;
				LD_RUNPATH_SEARCH_PATHS = "$(inherited) @executable_path/Frameworks";
				PRODUCT_BUNDLE_IDENTIFIER = ca.bcit.IconSplash;
				PRODUCT_NAME = "$(TARGET_NAME)";
				SWIFT_VERSION = 4.0;
				TARGETED_DEVICE_FAMILY = "1,2";
			};
			name = Debug;
		};
		BA5A8CF6203E481400A00446 /* Release */ = {
			isa = XCBuildConfiguration;
			baseConfigurationReference = D11269EC50B18FF97CBE1976 /* Pods-IconSplash.release.xcconfig */;
			buildSettings = {
				ASSETCATALOG_COMPILER_APPICON_NAME = AppIcon;
				CODE_SIGN_STYLE = Automatic;
				DEVELOPMENT_TEAM = KKTK8WHBM5;
				INFOPLIST_FILE = IconSplash/Info.plist;
				LD_RUNPATH_SEARCH_PATHS = "$(inherited) @executable_path/Frameworks";
				PRODUCT_BUNDLE_IDENTIFIER = ca.bcit.IconSplash;
				PRODUCT_NAME = "$(TARGET_NAME)";
				SWIFT_VERSION = 4.0;
				TARGETED_DEVICE_FAMILY = "1,2";
			};
			name = Release;
		};
/* End XCBuildConfiguration section */

/* Begin XCConfigurationList section */
		BA5A8CDD203E481400A00446 /* Build configuration list for PBXProject "IconSplash" */ = {
			isa = XCConfigurationList;
			buildConfigurations = (
				BA5A8CF2203E481400A00446 /* Debug */,
				BA5A8CF3203E481400A00446 /* Release */,
			);
			defaultConfigurationIsVisible = 0;
			defaultConfigurationName = Release;
		};
		BA5A8CF4203E481400A00446 /* Build configuration list for PBXNativeTarget "IconSplash" */ = {
			isa = XCConfigurationList;
			buildConfigurations = (
				BA5A8CF5203E481400A00446 /* Debug */,
				BA5A8CF6203E481400A00446 /* Release */,
			);
			defaultConfigurationIsVisible = 0;
			defaultConfigurationName = Release;
		};
/* End XCConfigurationList section */
	};
	rootObject = BA5A8CDA203E481400A00446 /* Project object */;
}
